apiVersion: tinx.io/v1
kind: WorkspaceLock
workspace: my-workspace
providers:
    - alias: lite-ci
      provider: sourceplane/lite-ci
      source: ghcr.io/sourceplane/lite-ci:v0.2.25
      version: v0.2.25
      resolved: ghcr.io/sourceplane/lite-ci@sha256:fe20cc86349191413de3182b7d16d3bd39398f75103db34c8d05157ed5679064
      store: 9d73b4d59f8d49bd50c35c1c99fbdb720a4997406313770e2813d2f6f881768c
